// !$*UTF8*$!
{
	archiveVersion = 1;
	classes = {
	};
	objectVersion = 46;
	objects = {

/* Begin PBXBuildFile section */
		7FBC1E1B1F3AB95A00219010 /* AppDelegate.swift in Sources */ = {isa = PBXBuildFile; fileRef = 7FBC1E1A1F3AB95A00219010 /* AppDelegate.swift */; };
		7FBC1E201F3AB95A00219010 /* Main.storyboard in Resources */ = {isa = PBXBuildFile; fileRef = 7FBC1E1E1F3AB95A00219010 /* Main.storyboard */; };
		7FBC1E231F3AB95A00219010 /* SimplePhoneBook.xcdatamodeld in Sources */ = {isa = PBXBuildFile; fileRef = 7FBC1E211F3AB95A00219010 /* SimplePhoneBook.xcdatamodeld */; };
		7FBC1E251F3AB95A00219010 /* Assets.xcassets in Resources */ = {isa = PBXBuildFile; fileRef = 7FBC1E241F3AB95A00219010 /* Assets.xcassets */; };
		7FBC1E281F3AB95A00219010 /* LaunchScreen.storyboard in Resources */ = {isa = PBXBuildFile; fileRef = 7FBC1E261F3AB95A00219010 /* LaunchScreen.storyboard */; };
		7FBC1E321F3ABD1D00219010 /* PhoneBookData+CoreDataClass.swift in Sources */ = {isa = PBXBuildFile; fileRef = 7FBC1E301F3ABD1D00219010 /* PhoneBookData+CoreDataClass.swift */; };
		7FBC1E331F3ABD1D00219010 /* PhoneBookData+CoreDataProperties.swift in Sources */ = {isa = PBXBuildFile; fileRef = 7FBC1E311F3ABD1D00219010 /* PhoneBookData+CoreDataProperties.swift */; };
		7FBC1E351F3ABE2300219010 /* PhoneBookDataAccessProvider.swift in Sources */ = {isa = PBXBuildFile; fileRef = 7FBC1E341F3ABE2300219010 /* PhoneBookDataAccessProvider.swift */; };
		7FBC1E3D1F3AC2FF00219010 /* SimplePhoneBookTests.swift in Sources */ = {isa = PBXBuildFile; fileRef = 7FBC1E3C1F3AC2FF00219010 /* SimplePhoneBookTests.swift */; };
		7FBC1E461F3AEAD500219010 /* ContactListTableViewController.swift in Sources */ = {isa = PBXBuildFile; fileRef = 7FBC1E451F3AEAD500219010 /* ContactListTableViewController.swift */; };
		7FBC1E481F3AEB4800219010 /* AddContactTableViewController.swift in Sources */ = {isa = PBXBuildFile; fileRef = 7FBC1E471F3AEB4800219010 /* AddContactTableViewController.swift */; };
/* End PBXBuildFile section */

/* Begin PBXContainerItemProxy section */
		7FBC1E3F1F3AC2FF00219010 /* PBXContainerItemProxy */ = {
			isa = PBXContainerItemProxy;
			containerPortal = 7FBC1E0F1F3AB95A00219010 /* Project object */;
			proxyType = 1;
			remoteGlobalIDString = 7FBC1E161F3AB95A00219010;
			remoteInfo = SimplePhoneBook;
		};
/* End PBXContainerItemProxy section */

/* Begin PBXFileReference section */
		7FBC1E171F3AB95A00219010 /* SimplePhoneBook.app */ = {isa = PBXFileReference; explicitFileType = wrapper.application; includeInIndex = 0; path = SimplePhoneBook.app; sourceTree = BUILT_PRODUCTS_DIR; };
		7FBC1E1A1F3AB95A00219010 /* AppDelegate.swift */ = {isa = PBXFileReference; lastKnownFileType = sourcecode.swift; path = AppDelegate.swift; sourceTree = "<group>"; };
		7FBC1E1F1F3AB95A00219010 /* Base */ = {isa = PBXFileReference; lastKnownFileType = file.storyboard; name = Base; path = Base.lproj/Main.storyboard; sourceTree = "<group>"; };
		7FBC1E221F3AB95A00219010 /* SimplePhoneBook.xcdatamodel */ = {isa = PBXFileReference; lastKnownFileType = wrapper.xcdatamodel; path = SimplePhoneBook.xcdatamodel; sourceTree = "<group>"; };
		7FBC1E241F3AB95A00219010 /* Assets.xcassets */ = {isa = PBXFileReference; lastKnownFileType = folder.assetcatalog; path = Assets.xcassets; sourceTree = "<group>"; };
		7FBC1E271F3AB95A00219010 /* Base */ = {isa = PBXFileReference; lastKnownFileType = file.storyboard; name = Base; path = Base.lproj/LaunchScreen.storyboard; sourceTree = "<group>"; };
		7FBC1E291F3AB95A00219010 /* Info.plist */ = {isa = PBXFileReference; lastKnownFileType = text.plist.xml; path = Info.plist; sourceTree = "<group>"; };
		7FBC1E301F3ABD1D00219010 /* PhoneBookData+CoreDataClass.swift */ = {isa = PBXFileReference; fileEncoding = 4; lastKnownFileType = sourcecode.swift; path = "PhoneBookData+CoreDataClass.swift"; sourceTree = "<group>"; };
		7FBC1E311F3ABD1D00219010 /* PhoneBookData+CoreDataProperties.swift */ = {isa = PBXFileReference; fileEncoding = 4; lastKnownFileType = sourcecode.swift; path = "PhoneBookData+CoreDataProperties.swift"; sourceTree = "<group>"; };
		7FBC1E341F3ABE2300219010 /* PhoneBookDataAccessProvider.swift */ = {isa = PBXFileReference; fileEncoding = 4; lastKnownFileType = sourcecode.swift; path = PhoneBookDataAccessProvider.swift; sourceTree = "<group>"; };
		7FBC1E3A1F3AC2FF00219010 /* SimplePhoneBookTests.xctest */ = {isa = PBXFileReference; explicitFileType = wrapper.cfbundle; includeInIndex = 0; path = SimplePhoneBookTests.xctest; sourceTree = BUILT_PRODUCTS_DIR; };
		7FBC1E3C1F3AC2FF00219010 /* SimplePhoneBookTests.swift */ = {isa = PBXFileReference; lastKnownFileType = sourcecode.swift; path = SimplePhoneBookTests.swift; sourceTree = "<group>"; };
		7FBC1E3E1F3AC2FF00219010 /* Info.plist */ = {isa = PBXFileReference; lastKnownFileType = text.plist.xml; path = Info.plist; sourceTree = "<group>"; };
		7FBC1E451F3AEAD500219010 /* ContactListTableViewController.swift */ = {isa = PBXFileReference; fileEncoding = 4; lastKnownFileType = sourcecode.swift; path = ContactListTableViewController.swift; sourceTree = "<group>"; };
		7FBC1E471F3AEB4800219010 /* AddContactTableViewController.swift */ = {isa = PBXFileReference; fileEncoding = 4; lastKnownFileType = sourcecode.swift; path = AddContactTableViewController.swift; sourceTree = "<group>"; };
/* End PBXFileReference section */

/* Begin PBXFrameworksBuildPhase section */
		7FBC1E141F3AB95A00219010 /* Frameworks */ = {
			isa = PBXFrameworksBuildPhase;
			buildActionMask = 2147483647;
			files = (
			);
			runOnlyForDeploymentPostprocessing = 0;
		};
		7FBC1E371F3AC2FF00219010 /* Frameworks */ = {
			isa = PBXFrameworksBuildPhase;
			buildActionMask = 2147483647;
			files = (
			);
			runOnlyForDeploymentPostprocessing = 0;
		};
/* End PBXFrameworksBuildPhase section */

/* Begin PBXGroup section */
		7FBC1E0E1F3AB95A00219010 = {
			isa = PBXGroup;
			children = (
				7FBC1E191F3AB95A00219010 /* SimplePhoneBook */,
				7FBC1E3B1F3AC2FF00219010 /* SimplePhoneBookTests */,
				7FBC1E181F3AB95A00219010 /* Products */,
			);
			sourceTree = "<group>";
		};
		7FBC1E181F3AB95A00219010 /* Products */ = {
			isa = PBXGroup;
			children = (
				7FBC1E171F3AB95A00219010 /* SimplePhoneBook.app */,
				7FBC1E3A1F3AC2FF00219010 /* SimplePhoneBookTests.xctest */,
			);
			name = Products;
			sourceTree = "<group>";
		};
		7FBC1E191F3AB95A00219010 /* SimplePhoneBook */ = {
			isa = PBXGroup;
			children = (
				7FBC1E441F3AEA0600219010 /* View Controllers */,
				7FBC1E2F1F3ABB9300219010 /* Model */,
				7FBC1E1A1F3AB95A00219010 /* AppDelegate.swift */,
				7FBC1E1E1F3AB95A00219010 /* Main.storyboard */,
				7FBC1E241F3AB95A00219010 /* Assets.xcassets */,
				7FBC1E261F3AB95A00219010 /* LaunchScreen.storyboard */,
				7FBC1E291F3AB95A00219010 /* Info.plist */,
				7FBC1E211F3AB95A00219010 /* SimplePhoneBook.xcdatamodeld */,
			);
			path = SimplePhoneBook;
			sourceTree = "<group>";
		};
		7FBC1E2F1F3ABB9300219010 /* Model */ = {
			isa = PBXGroup;
			children = (
				7FBC1E301F3ABD1D00219010 /* PhoneBookData+CoreDataClass.swift */,
				7FBC1E311F3ABD1D00219010 /* PhoneBookData+CoreDataProperties.swift */,
				7FBC1E341F3ABE2300219010 /* PhoneBookDataAccessProvider.swift */,
			);
			path = Model;
			sourceTree = "<group>";
		};
		7FBC1E3B1F3AC2FF00219010 /* SimplePhoneBookTests */ = {
			isa = PBXGroup;
			children = (
				7FBC1E3C1F3AC2FF00219010 /* SimplePhoneBookTests.swift */,
				7FBC1E3E1F3AC2FF00219010 /* Info.plist */,
			);
			path = SimplePhoneBookTests;
			sourceTree = "<group>";
		};
		7FBC1E441F3AEA0600219010 /* View Controllers */ = {
			isa = PBXGroup;
			children = (
				7FBC1E451F3AEAD500219010 /* ContactListTableViewController.swift */,
				7FBC1E471F3AEB4800219010 /* AddContactTableViewController.swift */,
			);
			path = "View Controllers";
			sourceTree = "<group>";
		};
/* End PBXGroup section */

/* Begin PBXNativeTarget section */
		7FBC1E161F3AB95A00219010 /* SimplePhoneBook */ = {
			isa = PBXNativeTarget;
			buildConfigurationList = 7FBC1E2C1F3AB95A00219010 /* Build configuration list for PBXNativeTarget "SimplePhoneBook" */;
			buildPhases = (
				7FBC1E131F3AB95A00219010 /* Sources */,
				7FBC1E141F3AB95A00219010 /* Frameworks */,
				7FBC1E151F3AB95A00219010 /* Resources */,
			);
			buildRules = (
			);
			dependencies = (
			);
			name = SimplePhoneBook;
			productName = SimplePhoneBook;
			productReference = 7FBC1E171F3AB95A00219010 /* SimplePhoneBook.app */;
			productType = "com.apple.product-type.application";
		};
		7FBC1E391F3AC2FF00219010 /* SimplePhoneBookTests */ = {
			isa = PBXNativeTarget;
			buildConfigurationList = 7FBC1E411F3AC2FF00219010 /* Build configuration list for PBXNativeTarget "SimplePhoneBookTests" */;
			buildPhases = (
				7FBC1E361F3AC2FF00219010 /* Sources */,
				7FBC1E371F3AC2FF00219010 /* Frameworks */,
				7FBC1E381F3AC2FF00219010 /* Resources */,
			);
			buildRules = (
			);
			dependencies = (
				7FBC1E401F3AC2FF00219010 /* PBXTargetDependency */,
			);
			name = SimplePhoneBookTests;
			productName = SimplePhoneBookTests;
			productReference = 7FBC1E3A1F3AC2FF00219010 /* SimplePhoneBookTests.xctest */;
			productType = "com.apple.product-type.bundle.unit-test";
		};
/* End PBXNativeTarget section */

/* Begin PBXProject section */
		7FBC1E0F1F3AB95A00219010 /* Project object */ = {
			isa = PBXProject;
			attributes = {
				LastSwiftUpdateCheck = 0830;
				LastUpgradeCheck = 0830;
				ORGANIZATIONNAME = "Ridho Pratama";
				TargetAttributes = {
					7FBC1E161F3AB95A00219010 = {
						CreatedOnToolsVersion = 8.3.2;
						DevelopmentTeam = B68EH8VRHF;
						ProvisioningStyle = Automatic;
					};
					7FBC1E391F3AC2FF00219010 = {
						CreatedOnToolsVersion = 8.3.2;
						DevelopmentTeam = B68EH8VRHF;
						ProvisioningStyle = Automatic;
						TestTargetID = 7FBC1E161F3AB95A00219010;
					};
				};
			};
			buildConfigurationList = 7FBC1E121F3AB95A00219010 /* Build configuration list for PBXProject "SimplePhoneBook" */;
			compatibilityVersion = "Xcode 3.2";
			developmentRegion = English;
			hasScannedForEncodings = 0;
			knownRegions = (
				en,
				Base,
			);
			mainGroup = 7FBC1E0E1F3AB95A00219010;
			productRefGroup = 7FBC1E181F3AB95A00219010 /* Products */;
			projectDirPath = "";
			projectRoot = "";
			targets = (
				7FBC1E161F3AB95A00219010 /* SimplePhoneBook */,
				7FBC1E391F3AC2FF00219010 /* SimplePhoneBookTests */,
			);
		};
/* End PBXProject section */

/* Begin PBXResourcesBuildPhase section */
		7FBC1E151F3AB95A00219010 /* Resources */ = {
			isa = PBXResourcesBuildPhase;
			buildActionMask = 2147483647;
			files = (
				7FBC1E281F3AB95A00219010 /* LaunchScreen.storyboard in Resources */,
				7FBC1E251F3AB95A00219010 /* Assets.xcassets in Resources */,
				7FBC1E201F3AB95A00219010 /* Main.storyboard in Resources */,
			);
			runOnlyForDeploymentPostprocessing = 0;
		};
		7FBC1E381F3AC2FF00219010 /* Resources */ = {
			isa = PBXResourcesBuildPhase;
			buildActionMask = 2147483647;
			files = (
			);
			runOnlyForDeploymentPostprocessing = 0;
		};
/* End PBXResourcesBuildPhase section */

/* Begin PBXSourcesBuildPhase section */
		7FBC1E131F3AB95A00219010 /* Sources */ = {
			isa = PBXSourcesBuildPhase;
			buildActionMask = 2147483647;
			files = (
				7FBC1E461F3AEAD500219010 /* ContactListTableViewController.swift in Sources */,
				7FBC1E331F3ABD1D00219010 /* PhoneBookData+CoreDataProperties.swift in Sources */,
				7FBC1E321F3ABD1D00219010 /* PhoneBookData+CoreDataClass.swift in Sources */,
				7FBC1E1B1F3AB95A00219010 /* AppDelegate.swift in Sources */,
				7FBC1E351F3ABE2300219010 /* PhoneBookDataAccessProvider.swift in Sources */,
				7FBC1E231F3AB95A00219010 /* SimplePhoneBook.xcdatamodeld in Sources */,
				7FBC1E481F3AEB4800219010 /* AddContactTableViewController.swift in Sources */,
			);
			runOnlyForDeploymentPostprocessing = 0;
		};
		7FBC1E361F3AC2FF00219010 /* Sources */ = {
			isa = PBXSourcesBuildPhase;
			buildActionMask = 2147483647;
			files = (
				7FBC1E3D1F3AC2FF00219010 /* SimplePhoneBookTests.swift in Sources */,
			);
			runOnlyForDeploymentPostprocessing = 0;
		};
/* End PBXSourcesBuildPhase section */

/* Begin PBXTargetDependency section */
		7FBC1E401F3AC2FF00219010 /* PBXTargetDependency */ = {
			isa = PBXTargetDependency;
			target = 7FBC1E161F3AB95A00219010 /* SimplePhoneBook */;
			targetProxy = 7FBC1E3F1F3AC2FF00219010 /* PBXContainerItemProxy */;
		};
/* End PBXTargetDependency section */

/* Begin PBXVariantGroup section */
		7FBC1E1E1F3AB95A00219010 /* Main.storyboard */ = {
			isa = PBXVariantGroup;
			children = (
				7FBC1E1F1F3AB95A00219010 /* Base */,
			);
			name = Main.storyboard;
			sourceTree = "<group>";
		};
		7FBC1E261F3AB95A00219010 /* LaunchScreen.storyboard */ = {
			isa = PBXVariantGroup;
			children = (
				7FBC1E271F3AB95A00219010 /* Base */,
			);
			name = LaunchScreen.storyboard;
			sourceTree = "<group>";
		};
/* End PBXVariantGroup section */

/* Begin XCBuildConfiguration section */
		7FBC1E2A1F3AB95A00219010 /* Debug */ = {
			isa = XCBuildConfiguration;
			buildSettings = {
				ALWAYS_SEARCH_USER_PATHS = NO;
				CLANG_ANALYZER_NONNULL = YES;
				CLANG_ANALYZER_NUMBER_OBJECT_CONVERSION = YES_AGGRESSIVE;
				CLANG_CXX_LANGUAGE_STANDARD = "gnu++0x";
				CLANG_CXX_LIBRARY = "libc++";
				CLANG_ENABLE_MODULES = YES;
				CLANG_ENABLE_OBJC_ARC = YES;
				CLANG_WARN_BOOL_CONVERSION = YES;
				CLANG_WARN_CONSTANT_CONVERSION = YES;
				CLANG_WARN_DIRECT_OBJC_ISA_USAGE = YES_ERROR;
				CLANG_WARN_DOCUMENTATION_COMMENTS = YES;
				CLANG_WARN_EMPTY_BODY = YES;
				CLANG_WARN_ENUM_CONVERSION = YES;
				CLANG_WARN_INFINITE_RECURSION = YES;
				CLANG_WARN_INT_CONVERSION = YES;
				CLANG_WARN_OBJC_ROOT_CLASS = YES_ERROR;
				CLANG_WARN_SUSPICIOUS_MOVE = YES;
				CLANG_WARN_UNREACHABLE_CODE = YES;
				CLANG_WARN__DUPLICATE_METHOD_MATCH = YES;
				"CODE_SIGN_IDENTITY[sdk=iphoneos*]" = "iPhone Developer";
				COPY_PHASE_STRIP = NO;
				DEBUG_INFORMATION_FORMAT = dwarf;
				ENABLE_STRICT_OBJC_MSGSEND = YES;
				ENABLE_TESTABILITY = YES;
				GCC_C_LANGUAGE_STANDARD = gnu99;
				GCC_DYNAMIC_NO_PIC = NO;
				GCC_NO_COMMON_BLOCKS = YES;
				GCC_OPTIMIZATION_LEVEL = 0;
				GCC_PREPROCESSOR_DEFINITIONS = (
					"DEBUG=1",
					"$(inherited)",
				);
				GCC_WARN_64_TO_32_BIT_CONVERSION = YES;
				GCC_WARN_ABOUT_RETURN_TYPE = YES_ERROR;
				GCC_WARN_UNDECLARED_SELECTOR = YES;
				GCC_WARN_UNINITIALIZED_AUTOS = YES_AGGRESSIVE;
				GCC_WARN_UNUSED_FUNCTION = YES;
				GCC_WARN_UNUSED_VARIABLE = YES;
				IPHONEOS_DEPLOYMENT_TARGET = 10.3;
				MTL_ENABLE_DEBUG_INFO = YES;
				ONLY_ACTIVE_ARCH = YES;
				SDKROOT = iphoneos;
				SWIFT_ACTIVE_COMPILATION_CONDITIONS = DEBUG;
				SWIFT_OPTIMIZATION_LEVEL = "-Onone";
			};
			name = Debug;
		};
		7FBC1E2B1F3AB95A00219010 /* Release */ = {
			isa = XCBuildConfiguration;
			buildSettings = {
				ALWAYS_SEARCH_USER_PATHS = NO;
				CLANG_ANALYZER_NONNULL = YES;
				CLANG_ANALYZER_NUMBER_OBJECT_CONVERSION = YES_AGGRESSIVE;
				CLANG_CXX_LANGUAGE_STANDARD = "gnu++0x";
				CLANG_CXX_LIBRARY = "libc++";
				CLANG_ENABLE_MODULES = YES;
				CLANG_ENABLE_OBJC_ARC = YES;
				CLANG_WARN_BOOL_CONVERSION = YES;
				CLANG_WARN_CONSTANT_CONVERSION = YES;
				CLANG_WARN_DIRECT_OBJC_ISA_USAGE = YES_ERROR;
				CLANG_WARN_DOCUMENTATION_COMMENTS = YES;
				CLANG_WARN_EMPTY_BODY = YES;
				CLANG_WARN_ENUM_CONVERSION = YES;
				CLANG_WARN_INFINITE_RECURSION = YES;
				CLANG_WARN_INT_CONVERSION = YES;
				CLANG_WARN_OBJC_ROOT_CLASS = YES_ERROR;
				CLANG_WARN_SUSPICIOUS_MOVE = YES;
				CLANG_WARN_UNREACHABLE_CODE = YES;
				CLANG_WARN__DUPLICATE_METHOD_MATCH = YES;
				"CODE_SIGN_IDENTITY[sdk=iphoneos*]" = "iPhone Developer";
				COPY_PHASE_STRIP = NO;
				DEBUG_INFORMATION_FORMAT = "dwarf-with-dsym";
				ENABLE_NS_ASSERTIONS = NO;
				ENABLE_STRICT_OBJC_MSGSEND = YES;
				GCC_C_LANGUAGE_STANDARD = gnu99;
				GCC_NO_COMMON_BLOCKS = YES;
				GCC_WARN_64_TO_32_BIT_CONVERSION = YES;
				GCC_WARN_ABOUT_RETURN_TYPE = YES_ERROR;
				GCC_WARN_UNDECLARED_SELECTOR = YES;
				GCC_WARN_UNINITIALIZED_AUTOS = YES_AGGRESSIVE;
				GCC_WARN_UNUSED_FUNCTION = YES;
				GCC_WARN_UNUSED_VARIABLE = YES;
				IPHONEOS_DEPLOYMENT_TARGET = 10.3;
				MTL_ENABLE_DEBUG_INFO = NO;
				SDKROOT = iphoneos;
				SWIFT_OPTIMIZATION_LEVEL = "-Owholemodule";
				VALIDATE_PRODUCT = YES;
			};
			name = Release;
		};
		7FBC1E2D1F3AB95A00219010 /* Debug */ = {
			isa = XCBuildConfiguration;
			buildSettings = {
				ASSETCATALOG_COMPILER_APPICON_NAME = AppIcon;
				DEVELOPMENT_TEAM = B68EH8VRHF;
				INFOPLIST_FILE = SimplePhoneBook/Info.plist;
				LD_RUNPATH_SEARCH_PATHS = "$(inherited) @executable_path/Frameworks";
				PRODUCT_BUNDLE_IDENTIFIER = rdp.ios.SimplePhoneBook;
				PRODUCT_NAME = "$(TARGET_NAME)";
				SWIFT_VERSION = 3.0;
			};
			name = Debug;
		};
		7FBC1E2E1F3AB95A00219010 /* Release */ = {
			isa = XCBuildConfiguration;
			buildSettings = {
				ASSETCATALOG_COMPILER_APPICON_NAME = AppIcon;
				DEVELOPMENT_TEAM = B68EH8VRHF;
				INFOPLIST_FILE = SimplePhoneBook/Info.plist;
				LD_RUNPATH_SEARCH_PATHS = "$(inherited) @executable_path/Frameworks";
				PRODUCT_BUNDLE_IDENTIFIER = rdp.ios.SimplePhoneBook;
				PRODUCT_NAME = "$(TARGET_NAME)";
				SWIFT_VERSION = 3.0;
			};
			name = Release;
		};
		7FBC1E421F3AC2FF00219010 /* Debug */ = {
			isa = XCBuildConfiguration;
			buildSettings = {
				BUNDLE_LOADER = "$(TEST_HOST)";
				DEVELOPMENT_TEAM = B68EH8VRHF;
				INFOPLIST_FILE = SimplePhoneBookTests/Info.plist;
				LD_RUNPATH_SEARCH_PATHS = "$(inherited) @executable_path/Frameworks @loader_path/Frameworks";
				PRODUCT_BUNDLE_IDENTIFIER = rdp.ios.SimplePhoneBookTests;
				PRODUCT_NAME = "$(TARGET_NAME)";
				SWIFT_VERSION = 3.0;
				TEST_HOST = "$(BUILT_PRODUCTS_DIR)/SimplePhoneBook.app/SimplePhoneBook";
			};
			name = Debug;
		};
		7FBC1E431F3AC2FF00219010 /* Release */ = {
			isa = XCBuildConfiguration;
			buildSettings = {
				BUNDLE_LOADER = "$(TEST_HOST)";
				DEVELOPMENT_TEAM = B68EH8VRHF;
				INFOPLIST_FILE = SimplePhoneBookTests/Info.plist;
				LD_RUNPATH_SEARCH_PATHS = "$(inherited) @executable_path/Frameworks @loader_path/Frameworks";
				PRODUCT_BUNDLE_IDENTIFIER = rdp.ios.SimplePhoneBookTests;
				PRODUCT_NAME = "$(TARGET_NAME)";
				SWIFT_VERSION = 3.0;
				TEST_HOST = "$(BUILT_PRODUCTS_DIR)/SimplePhoneBook.app/SimplePhoneBook";
			};
			name = Release;
		};
/* End XCBuildConfiguration section */

/* Begin XCConfigurationList section */
		7FBC1E121F3AB95A00219010 /* Build configuration list for PBXProject "SimplePhoneBook" */ = {
			isa = XCConfigurationList;
			buildConfigurations = (
				7FBC1E2A1F3AB95A00219010 /* Debug */,
				7FBC1E2B1F3AB95A00219010 /* Release */,
			);
			defaultConfigurationIsVisible = 0;
			defaultConfigurationName = Release;
		};
		7FBC1E2C1F3AB95A00219010 /* Build configuration list for PBXNativeTarget "SimplePhoneBook" */ = {
			isa = XCConfigurationList;
			buildConfigurations = (
				7FBC1E2D1F3AB95A00219010 /* Debug */,
				7FBC1E2E1F3AB95A00219010 /* Release */,
			);
			defaultConfigurationIsVisible = 0;
		};
		7FBC1E411F3AC2FF00219010 /* Build configuration list for PBXNativeTarget "SimplePhoneBookTests" */ = {
			isa = XCConfigurationList;
			buildConfigurations = (
				7FBC1E421F3AC2FF00219010 /* Debug */,
				7FBC1E431F3AC2FF00219010 /* Release */,
			);
			defaultConfigurationIsVisible = 0;
		};
/* End XCConfigurationList section */

/* Begin XCVersionGroup section */
		7FBC1E211F3AB95A00219010 /* SimplePhoneBook.xcdatamodeld */ = {
			isa = XCVersionGroup;
			children = (
				7FBC1E221F3AB95A00219010 /* SimplePhoneBook.xcdatamodel */,
			);
			currentVersion = 7FBC1E221F3AB95A00219010 /* SimplePhoneBook.xcdatamodel */;
			path = SimplePhoneBook.xcdatamodeld;
			sourceTree = "<group>";
			versionGroupType = wrapper.xcdatamodel;
		};
/* End XCVersionGroup section */
	};
	rootObject = 7FBC1E0F1F3AB95A00219010 /* Project object */;
}
